// !$*UTF8*$!
{
	archiveVersion = 1;
	classes = {
	};
	objectVersion = 46;
	objects = {

/* Begin PBXBuildFile section */
		F395083A1B20268300A96D77 /* TrimView.swift in Sources */ = {isa = PBXBuildFile; fileRef = F39508391B20268300A96D77 /* TrimView.swift */; };
		F3BD46A81B1FE8A1005872CD /* TrimImageView.swift in Sources */ = {isa = PBXBuildFile; fileRef = F3BD46A71B1FE8A1005872CD /* TrimImageView.swift */; };
		F3C20F451B270E3900380AFF /* DrawUtil.swift in Sources */ = {isa = PBXBuildFile; fileRef = F3C20F441B270E3900380AFF /* DrawUtil.swift */; };
		F3CA75A41B17098500AA369E /* AppDelegate.swift in Sources */ = {isa = PBXBuildFile; fileRef = F3CA75A31B17098500AA369E /* AppDelegate.swift */; };
		F3CA75A61B17098500AA369E /* ViewController.swift in Sources */ = {isa = PBXBuildFile; fileRef = F3CA75A51B17098500AA369E /* ViewController.swift */; };
		F3CA75A91B17098500AA369E /* Main.storyboard in Resources */ = {isa = PBXBuildFile; fileRef = F3CA75A71B17098500AA369E /* Main.storyboard */; };
		F3CA75AB1B17098500AA369E /* Images.xcassets in Resources */ = {isa = PBXBuildFile; fileRef = F3CA75AA1B17098500AA369E /* Images.xcassets */; };
		F3CA75AE1B17098500AA369E /* LaunchScreen.xib in Resources */ = {isa = PBXBuildFile; fileRef = F3CA75AC1B17098500AA369E /* LaunchScreen.xib */; };
		F3CA75BA1B17098500AA369E /* Test150528Tests.swift in Sources */ = {isa = PBXBuildFile; fileRef = F3CA75B91B17098500AA369E /* Test150528Tests.swift */; };
		F3E0233D1B1EC4B50030F8F5 /* TrimViewController.swift in Sources */ = {isa = PBXBuildFile; fileRef = F3E0233C1B1EC4B50030F8F5 /* TrimViewController.swift */; };
		F3E0233F1B1EE5670030F8F5 /* Master.swift in Sources */ = {isa = PBXBuildFile; fileRef = F3E0233E1B1EE5670030F8F5 /* Master.swift */; };
/* End PBXBuildFile section */

/* Begin PBXContainerItemProxy section */
		F3CA75B41B17098500AA369E /* PBXContainerItemProxy */ = {
			isa = PBXContainerItemProxy;
			containerPortal = F3CA75961B17098500AA369E /* Project object */;
			proxyType = 1;
			remoteGlobalIDString = F3CA759D1B17098500AA369E;
			remoteInfo = Test150528;
		};
/* End PBXContainerItemProxy section */

/* Begin PBXFileReference section */
		F39508391B20268300A96D77 /* TrimView.swift */ = {isa = PBXFileReference; fileEncoding = 4; lastKnownFileType = sourcecode.swift; path = TrimView.swift; sourceTree = "<group>"; };
		F3BD46A71B1FE8A1005872CD /* TrimImageView.swift */ = {isa = PBXFileReference; fileEncoding = 4; lastKnownFileType = sourcecode.swift; path = TrimImageView.swift; sourceTree = "<group>"; };
		F3C20F441B270E3900380AFF /* DrawUtil.swift */ = {isa = PBXFileReference; fileEncoding = 4; lastKnownFileType = sourcecode.swift; name = DrawUtil.swift; path = ../util/DrawUtil.swift; sourceTree = "<group>"; };
		F3CA759E1B17098500AA369E /* Test150528.app */ = {isa = PBXFileReference; explicitFileType = wrapper.application; includeInIndex = 0; path = Test150528.app; sourceTree = BUILT_PRODUCTS_DIR; };
		F3CA75A21B17098500AA369E /* Info.plist */ = {isa = PBXFileReference; lastKnownFileType = text.plist.xml; path = Info.plist; sourceTree = "<group>"; };
		F3CA75A31B17098500AA369E /* AppDelegate.swift */ = {isa = PBXFileReference; lastKnownFileType = sourcecode.swift; path = AppDelegate.swift; sourceTree = "<group>"; };
		F3CA75A51B17098500AA369E /* ViewController.swift */ = {isa = PBXFileReference; lastKnownFileType = sourcecode.swift; path = ViewController.swift; sourceTree = "<group>"; };
		F3CA75A81B17098500AA369E /* Base */ = {isa = PBXFileReference; lastKnownFileType = file.storyboard; name = Base; path = Base.lproj/Main.storyboard; sourceTree = "<group>"; };
		F3CA75AA1B17098500AA369E /* Images.xcassets */ = {isa = PBXFileReference; lastKnownFileType = folder.assetcatalog; path = Images.xcassets; sourceTree = "<group>"; };
		F3CA75AD1B17098500AA369E /* Base */ = {isa = PBXFileReference; lastKnownFileType = file.xib; name = Base; path = Base.lproj/LaunchScreen.xib; sourceTree = "<group>"; };
		F3CA75B31B17098500AA369E /* Test150528Tests.xctest */ = {isa = PBXFileReference; explicitFileType = wrapper.cfbundle; includeInIndex = 0; path = Test150528Tests.xctest; sourceTree = BUILT_PRODUCTS_DIR; };
		F3CA75B81B17098500AA369E /* Info.plist */ = {isa = PBXFileReference; lastKnownFileType = text.plist.xml; path = Info.plist; sourceTree = "<group>"; };
		F3CA75B91B17098500AA369E /* Test150528Tests.swift */ = {isa = PBXFileReference; lastKnownFileType = sourcecode.swift; path = Test150528Tests.swift; sourceTree = "<group>"; };
		F3E0233C1B1EC4B50030F8F5 /* TrimViewController.swift */ = {isa = PBXFileReference; fileEncoding = 4; lastKnownFileType = sourcecode.swift; path = TrimViewController.swift; sourceTree = "<group>"; };
		F3E0233E1B1EE5670030F8F5 /* Master.swift */ = {isa = PBXFileReference; fileEncoding = 4; lastKnownFileType = sourcecode.swift; path = Master.swift; sourceTree = "<group>"; };
/* End PBXFileReference section */

/* Begin PBXFrameworksBuildPhase section */
		F3CA759B1B17098500AA369E /* Frameworks */ = {
			isa = PBXFrameworksBuildPhase;
			buildActionMask = 2147483647;
			files = (
			);
			runOnlyForDeploymentPostprocessing = 0;
		};
		F3CA75B01B17098500AA369E /* Frameworks */ = {
			isa = PBXFrameworksBuildPhase;
			buildActionMask = 2147483647;
			files = (
			);
			runOnlyForDeploymentPostprocessing = 0;
		};
/* End PBXFrameworksBuildPhase section */

/* Begin PBXGroup section */
		F3CA75951B17098500AA369E = {
			isa = PBXGroup;
			children = (
				F3DDEC071B184B5A007F3F6A /* util */,
				F3CA75A01B17098500AA369E /* Test150528 */,
				F3CA75B61B17098500AA369E /* Test150528Tests */,
				F3CA759F1B17098500AA369E /* Products */,
			);
			sourceTree = "<group>";
		};
		F3CA759F1B17098500AA369E /* Products */ = {
			isa = PBXGroup;
			children = (
				F3CA759E1B17098500AA369E /* Test150528.app */,
				F3CA75B31B17098500AA369E /* Test150528Tests.xctest */,
			);
			name = Products;
			sourceTree = "<group>";
		};
		F3CA75A01B17098500AA369E /* Test150528 */ = {
			isa = PBXGroup;
			children = (
				F3CA75A31B17098500AA369E /* AppDelegate.swift */,
				F3CA75A51B17098500AA369E /* ViewController.swift */,
				F3CA75A71B17098500AA369E /* Main.storyboard */,
				F3CA75AA1B17098500AA369E /* Images.xcassets */,
				F3CA75AC1B17098500AA369E /* LaunchScreen.xib */,
				F3CA75A11B17098500AA369E /* Supporting Files */,
				F3E0233C1B1EC4B50030F8F5 /* TrimViewController.swift */,
				F3E0233E1B1EE5670030F8F5 /* Master.swift */,
				F3BD46A71B1FE8A1005872CD /* TrimImageView.swift */,
				F39508391B20268300A96D77 /* TrimView.swift */,
			);
			path = Test150528;
			sourceTree = "<group>";
		};
		F3CA75A11B17098500AA369E /* Supporting Files */ = {
			isa = PBXGroup;
			children = (
				F3CA75A21B17098500AA369E /* Info.plist */,
			);
			name = "Supporting Files";
			sourceTree = "<group>";
		};
		F3CA75B61B17098500AA369E /* Test150528Tests */ = {
			isa = PBXGroup;
			children = (
				F3CA75B91B17098500AA369E /* Test150528Tests.swift */,
				F3CA75B71B17098500AA369E /* Supporting Files */,
			);
			path = Test150528Tests;
			sourceTree = "<group>";
		};
		F3CA75B71B17098500AA369E /* Supporting Files */ = {
			isa = PBXGroup;
			children = (
				F3CA75B81B17098500AA369E /* Info.plist */,
			);
			name = "Supporting Files";
			sourceTree = "<group>";
		};
		F3DDEC071B184B5A007F3F6A /* util */ = {
			isa = PBXGroup;
			children = (
				F3C20F441B270E3900380AFF /* DrawUtil.swift */,
			);
			name = util;
			sourceTree = "<group>";
		};
/* End PBXGroup section */

/* Begin PBXNativeTarget section */
		F3CA759D1B17098500AA369E /* Test150528 */ = {
			isa = PBXNativeTarget;
			buildConfigurationList = F3CA75BD1B17098500AA369E /* Build configuration list for PBXNativeTarget "Test150528" */;
			buildPhases = (
				F3CA759A1B17098500AA369E /* Sources */,
				F3CA759B1B17098500AA369E /* Frameworks */,
				F3CA759C1B17098500AA369E /* Resources */,
			);
			buildRules = (
			);
			dependencies = (
			);
			name = Test150528;
			productName = Test150528;
			productReference = F3CA759E1B17098500AA369E /* Test150528.app */;
			productType = "com.apple.product-type.application";
		};
		F3CA75B21B17098500AA369E /* Test150528Tests */ = {
			isa = PBXNativeTarget;
			buildConfigurationList = F3CA75C01B17098500AA369E /* Build configuration list for PBXNativeTarget "Test150528Tests" */;
			buildPhases = (
				F3CA75AF1B17098500AA369E /* Sources */,
				F3CA75B01B17098500AA369E /* Frameworks */,
				F3CA75B11B17098500AA369E /* Resources */,
			);
			buildRules = (
			);
			dependencies = (
				F3CA75B51B17098500AA369E /* PBXTargetDependency */,
			);
			name = Test150528Tests;
			productName = Test150528Tests;
			productReference = F3CA75B31B17098500AA369E /* Test150528Tests.xctest */;
			productType = "com.apple.product-type.bundle.unit-test";
		};
/* End PBXNativeTarget section */

/* Begin PBXProject section */
		F3CA75961B17098500AA369E /* Project object */ = {
			isa = PBXProject;
			attributes = {
				LastUpgradeCheck = 0630;
				ORGANIZATIONNAME = "中原規之";
				TargetAttributes = {
					F3CA759D1B17098500AA369E = {
						CreatedOnToolsVersion = 6.3.2;
					};
					F3CA75B21B17098500AA369E = {
						CreatedOnToolsVersion = 6.3.2;
						TestTargetID = F3CA759D1B17098500AA369E;
					};
				};
			};
			buildConfigurationList = F3CA75991B17098500AA369E /* Build configuration list for PBXProject "Test150528" */;
			compatibilityVersion = "Xcode 3.2";
			developmentRegion = English;
			hasScannedForEncodings = 0;
			knownRegions = (
				en,
				Base,
			);
			mainGroup = F3CA75951B17098500AA369E;
			productRefGroup = F3CA759F1B17098500AA369E /* Products */;
			projectDirPath = "";
			projectRoot = "";
			targets = (
				F3CA759D1B17098500AA369E /* Test150528 */,
				F3CA75B21B17098500AA369E /* Test150528Tests */,
			);
		};
/* End PBXProject section */

/* Begin PBXResourcesBuildPhase section */
		F3CA759C1B17098500AA369E /* Resources */ = {
			isa = PBXResourcesBuildPhase;
			buildActionMask = 2147483647;
			files = (
				F3CA75A91B17098500AA369E /* Main.storyboard in Resources */,
				F3CA75AE1B17098500AA369E /* LaunchScreen.xib in Resources */,
				F3CA75AB1B17098500AA369E /* Images.xcassets in Resources */,
			);
			runOnlyForDeploymentPostprocessing = 0;
		};
		F3CA75B11B17098500AA369E /* Resources */ = {
			isa = PBXResourcesBuildPhase;
			buildActionMask = 2147483647;
			files = (
			);
			runOnlyForDeploymentPostprocessing = 0;
		};
/* End PBXResourcesBuildPhase section */

/* Begin PBXSourcesBuildPhase section */
		F3CA759A1B17098500AA369E /* Sources */ = {
			isa = PBXSourcesBuildPhase;
			buildActionMask = 2147483647;
			files = (
				F3BD46A81B1FE8A1005872CD /* TrimImageView.swift in Sources */,
				F3E0233F1B1EE5670030F8F5 /* Master.swift in Sources */,
				F3CA75A61B17098500AA369E /* ViewController.swift in Sources */,
				F395083A1B20268300A96D77 /* TrimView.swift in Sources */,
				F3E0233D1B1EC4B50030F8F5 /* TrimViewController.swift in Sources */,
				F3CA75A41B17098500AA369E /* AppDelegate.swift in Sources */,
				F3C20F451B270E3900380AFF /* DrawUtil.swift in Sources */,
			);
			runOnlyForDeploymentPostprocessing = 0;
		};
		F3CA75AF1B17098500AA369E /* Sources */ = {
			isa = PBXSourcesBuildPhase;
			buildActionMask = 2147483647;
			files = (
				F3CA75BA1B17098500AA369E /* Test150528Tests.swift in Sources */,
			);
			runOnlyForDeploymentPostprocessing = 0;
		};
/* End PBXSourcesBuildPhase section */

/* Begin PBXTargetDependency section */
		F3CA75B51B17098500AA369E /* PBXTargetDependency */ = {
			isa = PBXTargetDependency;
			target = F3CA759D1B17098500AA369E /* Test150528 */;
			targetProxy = F3CA75B41B17098500AA369E /* PBXContainerItemProxy */;
		};
/* End PBXTargetDependency section */

/* Begin PBXVariantGroup section */
		F3CA75A71B17098500AA369E /* Main.storyboard */ = {
			isa = PBXVariantGroup;
			children = (
				F3CA75A81B17098500AA369E /* Base */,
			);
			name = Main.storyboard;
			sourceTree = "<group>";
		};
		F3CA75AC1B17098500AA369E /* LaunchScreen.xib */ = {
			isa = PBXVariantGroup;
			children = (
				F3CA75AD1B17098500AA369E /* Base */,
			);
			name = LaunchScreen.xib;
			sourceTree = "<group>";
		};
/* End PBXVariantGroup section */

/* Begin XCBuildConfiguration section */
		F3CA75BB1B17098500AA369E /* Debug */ = {
			isa = XCBuildConfiguration;
			buildSettings = {
				ALWAYS_SEARCH_USER_PATHS = NO;
				CLANG_CXX_LANGUAGE_STANDARD = "gnu++0x";
				CLANG_CXX_LIBRARY = "libc++";
				CLANG_ENABLE_MODULES = YES;
				CLANG_ENABLE_OBJC_ARC = YES;
				CLANG_WARN_BOOL_CONVERSION = YES;
				CLANG_WARN_CONSTANT_CONVERSION = YES;
				CLANG_WARN_DIRECT_OBJC_ISA_USAGE = YES_ERROR;
				CLANG_WARN_EMPTY_BODY = YES;
				CLANG_WARN_ENUM_CONVERSION = YES;
				CLANG_WARN_INT_CONVERSION = YES;
				CLANG_WARN_OBJC_ROOT_CLASS = YES_ERROR;
				CLANG_WARN_UNREACHABLE_CODE = YES;
				CLANG_WARN__DUPLICATE_METHOD_MATCH = YES;
				"CODE_SIGN_IDENTITY[sdk=iphoneos*]" = "iPhone Developer";
				COPY_PHASE_STRIP = NO;
				DEBUG_INFORMATION_FORMAT = "dwarf-with-dsym";
				ENABLE_STRICT_OBJC_MSGSEND = YES;
				GCC_C_LANGUAGE_STANDARD = gnu99;
				GCC_DYNAMIC_NO_PIC = NO;
				GCC_NO_COMMON_BLOCKS = YES;
				GCC_OPTIMIZATION_LEVEL = 0;
				GCC_PREPROCESSOR_DEFINITIONS = (
					"DEBUG=1",
					"$(inherited)",
				);
				GCC_SYMBOLS_PRIVATE_EXTERN = NO;
				GCC_WARN_64_TO_32_BIT_CONVERSION = YES;
				GCC_WARN_ABOUT_RETURN_TYPE = YES_ERROR;
				GCC_WARN_UNDECLARED_SELECTOR = YES;
				GCC_WARN_UNINITIALIZED_AUTOS = YES_AGGRESSIVE;
				GCC_WARN_UNUSED_FUNCTION = YES;
				GCC_WARN_UNUSED_VARIABLE = YES;
				IPHONEOS_DEPLOYMENT_TARGET = 8.3;
				MTL_ENABLE_DEBUG_INFO = YES;
				ONLY_ACTIVE_ARCH = YES;
				SDKROOT = iphoneos;
				SWIFT_OPTIMIZATION_LEVEL = "-Onone";
			};
			name = Debug;
		};
		F3CA75BC1B17098500AA369E /* Release */ = {
			isa = XCBuildConfiguration;
			buildSettings = {
				ALWAYS_SEARCH_USER_PATHS = NO;
				CLANG_CXX_LANGUAGE_STANDARD = "gnu++0x";
				CLANG_CXX_LIBRARY = "libc++";
				CLANG_ENABLE_MODULES = YES;
				CLANG_ENABLE_OBJC_ARC = YES;
				CLANG_WARN_BOOL_CONVERSION = YES;
				CLANG_WARN_CONSTANT_CONVERSION = YES;
				CLANG_WARN_DIRECT_OBJC_ISA_USAGE = YES_ERROR;
				CLANG_WARN_EMPTY_BODY = YES;
				CLANG_WARN_ENUM_CONVERSION = YES;
				CLANG_WARN_INT_CONVERSION = YES;
				CLANG_WARN_OBJC_ROOT_CLASS = YES_ERROR;
				CLANG_WARN_UNREACHABLE_CODE = YES;
				CLANG_WARN__DUPLICATE_METHOD_MATCH = YES;
				"CODE_SIGN_IDENTITY[sdk=iphoneos*]" = "iPhone Developer";
				COPY_PHASE_STRIP = NO;
				DEBUG_INFORMATION_FORMAT = "dwarf-with-dsym";
				ENABLE_NS_ASSERTIONS = NO;
				ENABLE_STRICT_OBJC_MSGSEND = YES;
				GCC_C_LANGUAGE_STANDARD = gnu99;
				GCC_NO_COMMON_BLOCKS = YES;
				GCC_WARN_64_TO_32_BIT_CONVERSION = YES;
				GCC_WARN_ABOUT_RETURN_TYPE = YES_ERROR;
				GCC_WARN_UNDECLARED_SELECTOR = YES;
				GCC_WARN_UNINITIALIZED_AUTOS = YES_AGGRESSIVE;
				GCC_WARN_UNUSED_FUNCTION = YES;
				GCC_WARN_UNUSED_VARIABLE = YES;
				IPHONEOS_DEPLOYMENT_TARGET = 8.3;
				MTL_ENABLE_DEBUG_INFO = NO;
				SDKROOT = iphoneos;
				VALIDATE_PRODUCT = YES;
			};
			name = Release;
		};
		F3CA75BE1B17098500AA369E /* Debug */ = {
			isa = XCBuildConfiguration;
			buildSettings = {
				ASSETCATALOG_COMPILER_APPICON_NAME = AppIcon;
				INFOPLIST_FILE = Test150528/Info.plist;
				IPHONEOS_DEPLOYMENT_TARGET = 8.1;
				LD_RUNPATH_SEARCH_PATHS = "$(inherited) @executable_path/Frameworks";
				PRODUCT_NAME = "$(TARGET_NAME)";
			};
			name = Debug;
		};
		F3CA75BF1B17098500AA369E /* Release */ = {
			isa = XCBuildConfiguration;
			buildSettings = {
				ASSETCATALOG_COMPILER_APPICON_NAME = AppIcon;
				INFOPLIST_FILE = Test150528/Info.plist;
				IPHONEOS_DEPLOYMENT_TARGET = 8.1;
				LD_RUNPATH_SEARCH_PATHS = "$(inherited) @executable_path/Frameworks";
				PRODUCT_NAME = "$(TARGET_NAME)";
			};
			name = Release;
		};
		F3CA75C11B17098500AA369E /* Debug */ = {
			isa = XCBuildConfiguration;
			buildSettings = {
				BUNDLE_LOADER = "$(TEST_HOST)";
				FRAMEWORK_SEARCH_PATHS = (
					"$(SDKROOT)/Developer/Library/Frameworks",
					"$(inherited)",
				);
				GCC_PREPROCESSOR_DEFINITIONS = (
					"DEBUG=1",
					"$(inherited)",
				);
				INFOPLIST_FILE = Test150528Tests/Info.plist;
				LD_RUNPATH_SEARCH_PATHS = "$(inherited) @executable_path/Frameworks @loader_path/Frameworks";
				PRODUCT_NAME = "$(TARGET_NAME)";
				TEST_HOST = "$(BUILT_PRODUCTS_DIR)/Test150528.app/Test150528";
			};
			name = Debug;
		};
		F3CA75C21B17098500AA369E /* Release */ = {
			isa = XCBuildConfiguration;
			buildSettings = {
				BUNDLE_LOADER = "$(TEST_HOST)";
				FRAMEWORK_SEARCH_PATHS = (
					"$(SDKROOT)/Developer/Library/Frameworks",
					"$(inherited)",
				);
				INFOPLIST_FILE = Test150528Tests/Info.plist;
				LD_RUNPATH_SEARCH_PATHS = "$(inherited) @executable_path/Frameworks @loader_path/Frameworks";
				PRODUCT_NAME = "$(TARGET_NAME)";
				TEST_HOST = "$(BUILT_PRODUCTS_DIR)/Test150528.app/Test150528";
			};
			name = Release;
		};
/* End XCBuildConfiguration section */

/* Begin XCConfigurationList section */
		F3CA75991B17098500AA369E /* Build configuration list for PBXProject "Test150528" */ = {
			isa = XCConfigurationList;
			buildConfigurations = (
				F3CA75BB1B17098500AA369E /* Debug */,
				F3CA75BC1B17098500AA369E /* Release */,
			);
			defaultConfigurationIsVisible = 0;
			defaultConfigurationName = Release;
		};
		F3CA75BD1B17098500AA369E /* Build configuration list for PBXNativeTarget "Test150528" */ = {
			isa = XCConfigurationList;
			buildConfigurations = (
				F3CA75BE1B17098500AA369E /* Debug */,
				F3CA75BF1B17098500AA369E /* Release */,
			);
			defaultConfigurationIsVisible = 0;
			defaultConfigurationName = Release;
		};
		F3CA75C01B17098500AA369E /* Build configuration list for PBXNativeTarget "Test150528Tests" */ = {
			isa = XCConfigurationList;
			buildConfigurations = (
				F3CA75C11B17098500AA369E /* Debug */,
				F3CA75C21B17098500AA369E /* Release */,
			);
			defaultConfigurationIsVisible = 0;
			defaultConfigurationName = Release;
		};
/* End XCConfigurationList section */
	};
	rootObject = F3CA75961B17098500AA369E /* Project object */;
}
